github.com/Masterminds/semver/v3 v3.5.0 h1:kQceYJfbupGfZOKZQg0kou0DgAKhzDg2NZPAwZ/2OOE=
github.com/Masterminds/semver/v3 v3.5.0/go.mod h1:4V+yj/TJE1HU9XfppCwVMZq3I84lprf4nC11bSS5beM=
github.com/Oudwins/tailwind-merge-go v0.2.3 h1:RCiZ/DlLpoJnE5QSs1sRPDtIs3We0RQpsLH7bBWfbUI=
github.com/Oudwins/tailwind-merge-go v0.2.3/go.mod h1:kkZodgOPvZQ8f7SIrlWkG/w1g9JTbtnptnePIh3V72U=
github.com/a-h/templ v0.3.1020 h1:ypAT/L5ySWEnZ6Zft/5yfoWXYYkhFNvEFOeeqecg4tw=
github.com/a-h/templ v0.3.1020/go.mod h1:A2DlK61v+K+NRoGnhmYbNYVmtYHcFO5/AisMvBdDxTM=
github.com/bmatcuk/doublestar/v4 v4.10.0 h1:zU9WiOla1YA122oLM6i4EXvGW62DvKZVxIe6TYWexEs=
github.com/bmatcuk/doublestar/v4 v4.10.0/go.mod h1:xBQ8jztBU6kakFMg+8WGxn0c6z1fTSPVIjEY1Wr7jzc=
github.com/casbin/casbin/v3 v3.11.0 h1:xVlnpCGs0c2Hp2WuUF36o8iZgEsXUne9/j1qJjOgJPA=
github.com/casbin/casbin/v3 v3.11.0/go.mod h1:5rJbQr2e6AuuDDNxnPc5lQlC9nIgg6nS1zYwKXhpHC8=
github.com/casbin/govaluate v1.10.0 h1:ffGw51/hYH3w3rZcxO/KcaUIDOLP84w7nsidMVgaDG0=
github.com/casbin/govaluate v1.10.0/go.mod h1:G/UnbIjZk/0uMNaLwZZmFQrR72tYRZWQkO70si/iR7A=
github.com/dustin/go-humanize v1.0.1 h1:GzkhY7T5VNhEkwH0PVJgjz+fX1rhBrR7pRT3mDkpeCY=
github.com/dustin/go-humanize v1.0.1/go.mod h1:Mu1zIs6XwVuF/gI1OepvI0qD18qycQx+mFykh5fBlto=
github.com/fsnotify/fsnotify v1.9.0 h1:2Ml+OJNzbYCTzsxtv8vKSFD9PbJjmhYF14k/jKC7S9k=
github.com/fsnotify/fsnotify v1.9.0/go.mod h1:8jBTzvmWwFyi3Pb8djgCCO5IBqzKJ/Jwo8TRcHyHii0=
github.com/fxamacker/cbor/v2 v2.9.4 h1:xwjVlxEMR3S605oUlgBjKLTTeGFciYPGYCtF/35LKGo=
github.com/fxamacker/cbor/v2 v2.9.4/go.mod h1:vM4b+DJCtHn+zz7h3FFp/hDAI9WNWCsZj23V5ytsSxQ=
github.com/gkampitakis/ciinfo v0.3.4 h1:5eBSibVuSMbb/H6Elc0IIEFbkzCJi3lm94n0+U7Z0KY=
github.com/gkampitakis/ciinfo v0.3.4/go.mod h1:1NIwaOcFChN4fa/B0hEBdAb6npDlFL8Bwx4dfRLRqAo=
github.com/gkampitakis/go-snaps v0.5.23 h1:okh5QR48zpUjpWtu65AtqxdCY8huJq+dEDuUzd1PuKg=
github.com/gkampitakis/go-snaps v0.5.23/go.mod h1:uy3lVzCCRRsAwYqSocyw5fY8xRLCYEfqoOJNxr8HonM=
github.com/go-logr/logr v1.4.4 h1:tG4xh9yMsRCAiodLVTxyrkzSZ9+o0L1Kg/+cPVcbP/8=
github.com/go-logr/logr v1.4.4/go.mod h1:9T104GzyrTigFIr8wt5mBrctHMim0Nb2HLGrmQ40KvY=
github.com/go-playground/assert/v2 v2.2.0 h1:JvknZsQTYeFEAhQwI4qEt9cyV5ONwRHC+lYKSsYSR8s=
github.com/go-playground/assert/v2 v2.2.0/go.mod h1:VDjEfimB/XKnb+ZQfWdccd7VUvScMdVu0Titje2rxJ4=
github.com/go-playground/form/v4 v4.3.1 h1:g25h89QehzGCKiZe9J36JIsVx+NZuz/36lCunusJALY=
github.com/go-playground/form/v4 v4.3.1/go.mod h1:Cpe1iYJKoXb1vILRXEwxpWMGWyQuqplQ/4cvPecy+Jo=
github.com/go-task/slim-sprig/v3 v3.0.0 h1:sUs3vkvUymDpBKi3qH1YSqBQk9+9D/8M2mN1vB6EwHI=
github.com/go-task/slim-sprig/v3 v3.0.0/go.mod h1:W848ghGpv3Qj3dhTPRyJypKRiqCdHZiAzKg9hl15HA8=
github.com/go-viper/mapstructure/v2 v2.4.0 h1:EBsztssimR/CONLSZZ04E8qAkxNYq4Qp9LvH92wZUgs=
github.com/go-viper/mapstructure/v2 v2.4.0/go.mod h1:oJDH3BJKyqBA2TXFhDsKDGDTlndYOZ6rGS0BRZIxGhM=
github.com/goccy/go-yaml v1.19.2 h1:PmFC1S6h8ljIz6gMRBopkjP1TVT7xuwrButHID66PoM=
github.com/goccy/go-yaml v1.19.2/go.mod h1:XBurs7gK8ATbW4ZPGKgcbrY1Br56PdM69F7LkFRi1kA=
github.com/google/go-cmp v0.7.0 h1:wk8382ETsv4JYUZwIsn6YpYiWiBsYLSJiTsyBybVuN8=
github.com/google/go-cmp v0.7.0/go.mod h1:pXiqmnSA92OHEEa9HXL2W4E7lf9JzCmGVUdgjX3N/iU=
github.com/google/pprof v0.0.0-20260802141513-ef3492d7dac3 h1:LMLX+LgTNWpfvCBdFebv6EsYotImrt/Ppc5cXIriCSo=
github.com/google/pprof v0.0.0-20260802141513-ef3492d7dac3/go.mod h1:jl5iWTm0/hd5PjEYEOuwAJ57L/CibdZfrqZ5XA5GrCk=
github.com/google/uuid v1.6.0 h1:NIvaJDMOsjHA8n1jAhLSgzrAzy1Hgr+hNrb57e+94F0=
github.com/google/uuid v1.6.0/go.mod h1:TIyPZe4MgqvfeYDBFedMoGGpEw/LqOeaOT+nhxU+yHo=
github.com/hashicorp/golang-lru/v2 v2.0.7 h1:a+bsQ5rvGLjzHuww6tVxozPZFVghXaHOwFs4luLUK2k=
github.com/hashicorp/golang-lru/v2 v2.0.7/go.mod h1:QeFd9opnmA6QUJc5vARoKUSoFhyfM2/ZepoAG6RGpeM=
github.com/joshdk/go-junit v1.0.0 h1:S86cUKIdwBHWwA6xCmFlf3RTLfVXYQfvanM5Uh+K6GE=
github.com/joshdk/go-junit v1.0.0/go.mod h1:TiiV0PqkaNfFXjEiyjWM3XXrhVyCa1K4Zfga6W52ung=
github.com/justinas/nosurf v1.2.0 h1:yMs1bSRrNiwXk4AS6n8vL2Ssgpb9CB25T/4xrixaK0s=
github.com/justinas/nosurf v1.2.0/go.mod h1:ALpWdSbuNGy2lZWtyXdjkYv4edL23oSEgfBT1gPJ5BQ=
github.com/knadh/koanf/maps v0.1.2 h1:RBfmAW5CnZT+PJ1CVc1QSJKf4Xu9kxfQgYVQSu8hpbo=
github.com/knadh/koanf/maps v0.1.2/go.mod h1:npD/QZY3V6ghQDdcQzl1W4ICNVTkohC8E73eI2xW4yI=
github.com/knadh/koanf/parsers/json v1.0.1 h1:w/HTGw5+t5R4dA1OUtHNwOQCBsdNTcVw8Fhje2u76+c=
github.com/knadh/koanf/parsers/json v1.0.1/go.mod h1:zb5WtibRdpxSoSJfXysqGbVxvbszdlroWDHGdDkkEYU=
github.com/knadh/koanf/providers/confmap v1.0.1 h1:L15hbvMqlvhwUuCtL9BkL+rqiMAjk6cZc8O9XoDtE3A=
github.com/knadh/koanf/providers/confmap v1.0.1/go.mod h1:txHYHiI2hAtF0/0sCmcuol4IDcuQbKTybiB1nOcUo1A=
github.com/knadh/koanf/providers/env v1.1.0 h1:U2VXPY0f+CsNDkvdsG8GcsnK4ah85WwWyJgef9oQMSc=
github.com/knadh/koanf/providers/env v1.1.0/go.mod h1:QhHHHZ87h9JxJAn2czdEl6pdkNnDh/JS1Vtsyt65hTY=
github.com/knadh/koanf/providers/file v1.2.1 h1:bEWbtQwYrA+W2DtdBrQWyXqJaJSG3KrP3AESOJYp9wM=
github.com/knadh/koanf/providers/file v1.2.1/go.mod h1:bp1PM5f83Q+TOUu10J/0ApLBd9uIzg+n9UgthfY+nRA=
github.com/knadh/koanf/v2 v2.3.6 h1:JoQPSJmvS4aP0xNc8xMDr5tcrkSEInL23/Il7pITAKo=
github.com/knadh/koanf/v2 v2.3.6/go.mod h1:gRb40VRAbd4iJMYYD5IxZ6hfuopFcXBpc9bbQpZwo28=
github.com/kr/pretty v0.3.1 h1:flRD4NNwYAUpkphVc1HcthR4KEIFJ65n8Mw5qdRn3LE=
github.com/kr/pretty v0.3.1/go.mod h1:hoEshYVHaxMs3cyo3Yncou5ZscifuDolrwPKZanG3xk=
github.com/kr/text v0.2.0 h1:5Nx0Ya0ZqY2ygV366QzturHI13Jq95ApcVaJBhpS+AY=
github.com/kr/text v0.2.0/go.mod h1:eLer722TekiGuMkidMxC/pM04lWEeraHUUmBw8l2grE=
github.com/larsartmann/cqrs-htmx/v4 v4.11.0 h1:rAR6i/oJedsTZKANe4ry1ZcTcoJu7iVEsHnw3AS17vs=
github.com/larsartmann/cqrs-htmx/v4 v4.11.0/go.mod h1:p605TxZSs9tidRZI4bqhCp7E1XjTF+VO4CoYvYGZ8uk=
github.com/larsartmann/go-branded-id v0.6.0 h1:bqvJcozqtr8CP7/GWbWqHdYWt2YaIaWZdNvPSbqdZXU=
github.com/larsartmann/go-branded-id v0.6.0/go.mod h1:gM5FhB6d23qZO8hIU/rHpUnm/6dwKy9UGMhgvXDqNsc=
github.com/larsartmann/go-codec v0.3.0 h1:KqwarePns8Xcxg0YEf4NjLnPXIl9i1nvFp2Jaxvc464=
github.com/larsartmann/go-codec v0.3.0/go.mod h1:zUkKQzRqGltYF0kBwzrETezAKJDErcs0H2cc1/cY9x0=
github.com/larsartmann/go-cqrs-lite/command/v4 v4.10.0 h1:eqkM8sdWhx4DrtACRZRp12olMMSXDVYv5/J6mggF5Bw=
github.com/larsartmann/go-cqrs-lite/command/v4 v4.10.0/go.mod h1:10tJDBduGBisEPXsBZxg9QF+ilgbsPLxrZDBCczXX2g=
github.com/larsartmann/go-cqrs-lite/dispatcher/v4 v4.4.0 h1:Z2ip+Ee0XwPNl5D232q6juhp71uqGQIQHYs31FPEE38=
github.com/larsartmann/go-cqrs-lite/dispatcher/v4 v4.4.0/go.mod h1:8uRRkMbtybkvxYVr1bLyxpX3QT7e6ZoBRzkv89ARSz4=
github.com/larsartmann/go-cqrs-lite/event/v4 v4.11.0 h1:3sZBOJSYQGy+ld6EH90L0RTDJQLNQdC7ySVQdMAVD9w=
github.com/larsartmann/go-cqrs-lite/event/v4 v4.11.0/go.mod h1:g8zMcdU2qkRVOZ47mnZ++Pjf2vV2k8aT64GhGOEaPcQ=
github.com/larsartmann/go-cqrs-lite/event/v4/eventtest v0.4.0 h1:PjI4Y+CPkg2mBG7InAi9y3+czCQsXyIdcjZiGQduq6M=
github.com/larsartmann/go-cqrs-lite/event/v4/eventtest v0.4.0/go.mod h1:/Je8mL9pj1BtlAU8XtpBqtrLGHob1TeZpvlobrUmIy8=
github.com/larsartmann/go-cqrs-lite/id/v4 v4.6.0 h1:hzkUocB88KT2jv+qbDdxhMbpSKwFuvYQoF1+Tg2NmQA=
github.com/larsartmann/go-cqrs-lite/id/v4 v4.6.0/go.mod h1:M1X23EFSYHlThkbgXuryK8/WL/MZp4UgbNofYY9ztoE=
github.com/larsartmann/go-cqrs-lite/metadata/v4 v4.7.0 h1:r8TEd1S2ptCmhRRrzPeyZSJjikRVgziG3NO6RCWQHaA=
github.com/larsartmann/go-cqrs-lite/metadata/v4 v4.7.0/go.mod h1:lYMlD5qxyTJP/0t5+NBBG1jxA3au/IZ4mH2zpN9NYqM=
github.com/larsartmann/go-cqrs-lite/query/v4 v4.8.0 h1:uiABVgMr6kugfFpLrTeedqCNH6gYKquEEOg7i9bOunM=
github.com/larsartmann/go-cqrs-lite/query/v4 v4.8.0/go.mod h1:hVPv0bZgRZMozmpomQFvpWY4Hzhe8vuxJGsTZ2zPOC4=
github.com/larsartmann/go-cqrs-lite/record/v4 v4.5.0 h1:E8mf80o8NF0ljEwK8nOUd/Gs+/MgNAbPrL50YVjuTUQ=
github.com/larsartmann/go-cqrs-lite/record/v4 v4.5.0/go.mod h1:WeMpmN3U3uQVoGxXy7PrxRcKjfhOobotqFsFzPMStMk=
github.com/larsartmann/go-cqrs-lite/schema/v4 v4.4.0 h1:QMv7I7D3O0gckgz1p546+AfrskOpUQCMcF2WWp0S/Ws=
github.com/larsartmann/go-cqrs-lite/schema/v4 v4.4.0/go.mod h1:xiMgL4wrynJ4QR8GdpKgRZCgHc4LhQOMdXePka4I07w=
github.com/larsartmann/go-cqrs-lite/snapshot/v4 v4.5.0 h1:bq/xQ7bVX/uAB3/bQMxeDcsJupB1rXmeJduWiEqGhy0=
github.com/larsartmann/go-cqrs-lite/snapshot/v4 v4.5.0/go.mod h1:MZbb0l7pO2OZ8jYnehntwXlC6I866BI8rA2flyZw4sA=
github.com/larsartmann/go-cqrs-lite/storage/memory/v4 v4.5.1 h1:332H8TuZy+XZ1ob4pOnyUXm7WdbmCf6xqREzQCoo1eM=
github.com/larsartmann/go-cqrs-lite/storage/memory/v4 v4.5.1/go.mod h1:BXfT13JgxuQL1qwlVBdmQUxCiwnxwB5EkktLe5A7hYw=
github.com/larsartmann/go-error-family v0.10.1 h1:lf1RNjpdK7k+tCzphkg5qRolAY76U8OGEc09ZsZ5S6A=
github.com/larsartmann/go-error-family v0.10.1/go.mod h1:SYSVwVMTkw2GcqXI4khjMYOg7ey39o8sh7rXC9LfNcY=
github.com/larsartmann/go-etag v0.4.0 h1:QsMgYKOgsE//KVXRW42KuVfKAlpYMek8OZVBfMKvt7M=
github.com/larsartmann/go-etag v0.4.0/go.mod h1:CzORLh9Ws2B8MWq5HLfdwqq7xUh9TLTG268sE/YwDcg=
github.com/larsartmann/go-etag v0.6.0 h1:43stOYdTa8/woRt7pGyEMUhgrZCzdIBsEYk1uEcTMO4=
github.com/larsartmann/go-etag v0.6.0/go.mod h1:ts9V8UTryTjZ/Aw+ZCi9w2i5L33nwUZmScQsPxsm1cg=
github.com/larsartmann/go-etag/entitytag v0.6.0 h1:YM7Jl93ibYjBClycH/+hcLgna+KaZicyD2lWIRsbiyg=
github.com/larsartmann/go-etag/entitytag v0.6.0/go.mod h1:g9FENLhssbRTfvSJ2WfKKToNMYngm+W9k6C3NutO9Ok=
github.com/larsartmann/go-etag/server v0.6.0 h1:ohPi9d1AtSy4ByonsQc+bOl6uih8y3rBG1hmJ1QgI2I=
github.com/larsartmann/go-etag/server v0.6.0/go.mod h1:Pu6KzmjZuF3kVUkAfVUfpIOVfgT61oPt3XHgAIQ99ls=
github.com/larsartmann/go-health v0.3.0 h1:XQRX2yxzruR6WmaeEXIjPE2kxrQw+616Y5BZkNj/9Hc=
github.com/larsartmann/go-health v0.3.0/go.mod h1:Mud5voytlhllNYPsKeXUFA833dqlyy9liW3jApR/X18=
github.com/larsartmann/go-idempotency v0.3.0 h1:iCuxh2gdr3iSqpaKLfilkXTzT0s6ha3x2XBtoYBGDDA=
github.com/larsartmann/go-idempotency v0.3.0/go.mod h1:VjTQypq0FQLA9AmageDkuFoUFfN2hd3eErSFZo9ip+I=
github.com/larsartmann/go-sse v0.6.0 h1:ITsMQi4Cfg+cXE5YYChk3p6wYsn33AxKJPVwd5hsiBY=
github.com/larsartmann/go-sse v0.6.0/go.mod h1:ndYQ/lEnJVzTWqvF/h4+XMG/hJK/bEn6zSkfpkBAuUg=
github.com/larsartmann/go-sse/ssetest v0.3.0 h1:HEP3nFUsaWAz6fz8WmbeR2nUj6jv/cAHf+7HVeMeRRY=
github.com/larsartmann/go-sse/ssetest v0.3.0/go.mod h1:VNpjSMfzdCeIT5YKAmJPB6jGN4PBjJF0/aXc/YM/OVQ=
github.com/larsartmann/httputil v1.2.0 h1:EVU5GS4iUFGu+iuO1tbDt8zRJ56zjsn8cXZuISPhkjQ=
github.com/larsartmann/httputil v1.2.0/go.mod h1:7tPYJfS0PcoSlmzMUUB5MXbLgHqLPLgf2nKolA8g7Fc=
github.com/larsartmann/httputil/server_timing v1.0.1 h1:9T2YwZfrj71F1NFblFwIDsJZ7rnLU8K1BYlxBmrwfn8=
github.com/larsartmann/httputil/server_timing v1.0.1/go.mod h1:QumWlp/L8NhkwNXZkN/IeLjtE5Y97axZ9LCK9NzSVck=
github.com/larsartmann/templ-components v1.19.2 h1:pW/RuPLZfT8fDi2LBKcEfZB1J+/frammBX2tof8O/SQ=
github.com/larsartmann/templ-components v1.19.2/go.mod h1:z+K+TVEeVK1bOnnu0K30p5wVGGXjIKCJ1uWBFnfuXkY=
github.com/larsartmann/templ-components/icons v1.19.2 h1:hlltqh9G98wSmprWcAKpy1b14g0YusSCsvDzMZwVzD0=
github.com/larsartmann/templ-components/icons v1.19.2/go.mod h1:pRLE/9QrVMyAF1EAllrlg/cm8Oy63OfMTljx/ExOVBA=
github.com/larsartmann/templ-components/utils v1.19.2 h1:cZs6AWscaxiCwmkzRy/2m69gZqhrnKwKTT9WdCyNyRU=
github.com/larsartmann/templ-components/utils v1.19.2/go.mod h1:LAAnuKcKtPSEgeI9AeGG/j+IEgYAzp8CMVNGqTsqD8M=
github.com/maruel/natural v1.3.0 h1:VsmCsBmEyrR46RomtgHs5hbKADGRVtliHTyCOLFBpsg=
github.com/maruel/natural v1.3.0/go.mod h1:v+Rfd79xlw1AgVBjbO0BEQmptqb5HvL/k9GRHB7ZKEg=
github.com/mattn/go-isatty v0.0.24 h1:tGZZoVgT/KiqK1c8ocVLeDS8BSWMRd47J3Lbz7vsReI=
github.com/mattn/go-isatty v0.0.24/go.mod h1:nMCL3Zebbrt45jsMDgnfIwz6ydEQApk5oEI3HqDio6A=
github.com/mfridman/tparse v0.18.0 h1:wh6dzOKaIwkUGyKgOntDW4liXSo37qg5AXbIhkMV3vE=
github.com/mfridman/tparse v0.18.0/go.mod h1:gEvqZTuCgEhPbYk/2lS3Kcxg1GmTxxU7kTC8DvP0i/A=
github.com/mitchellh/copystructure v1.2.0 h1:vpKXTN4ewci03Vljg/q9QvCGUDttBOGBIa15WveJJGw=
github.com/mitchellh/copystructure v1.2.0/go.mod h1:qLl+cE2AmVv+CoeAwDPye/v+N2HKCj9FbZEVFJRxO9s=
github.com/mitchellh/reflectwalk v1.0.2 h1:G2LzWKi524PWgd3mLHV8Y5k7s6XUvT0Gef6zxSIeXaQ=
github.com/mitchellh/reflectwalk v1.0.2/go.mod h1:mSTlrgnPZtwu0c4WaC2kGObEpuNDbx0jmZXqmk4esnw=
github.com/ncruces/go-strftime v1.0.0 h1:HMFp8mLCTPp341M/ZnA4qaf7ZlsbTc+miZjCLOFAw7w=
github.com/ncruces/go-strftime v1.0.0/go.mod h1:Fwc5htZGVVkseilnfgOVb9mKy6w1naJmn9CehxcKcls=
github.com/oklog/ulid/v2 v2.1.2 h1:IEclFb9JNvzYA6MW2SCxbLzcHTVsfqm3PrqGQJH5zec=
github.com/oklog/ulid/v2 v2.1.2/go.mod h1:rcEKHmBBKfef9DhnvX7y1HZBYxjXb0cP5ExxNsTT1QQ=
github.com/onsi/ginkgo/v2 v2.33.0 h1:C8gBA6Uc2ZEubiV+SXiu5tZnMTwEmXHgkJwGozKtZf8=
github.com/onsi/ginkgo/v2 v2.33.0/go.mod h1:+aXOY+vzZ5mu2iI2HpTZUPmM//oQfsNFX6gU9kNcA44=
github.com/onsi/gomega v1.43.1 h1:vGIPFuYrIO6/0Z09s0I0QQQgFchiX4+tb1re3MScJYo=
github.com/onsi/gomega v1.43.1/go.mod h1:e/C2HwaZ1DhvjzXXuFhcR7hY7Sh9pl7MmoWKEjzwcdA=
github.com/pborman/getopt v0.0.0-20170112200414-7148bc3a4c30/go.mod h1:85jBQOZwpVEaDAr341tbn15RS4fCAsIst0qp7i8ex1o=
github.com/remyoudompheng/bigfft v0.0.0-20230129092748-24d4a6f8daec h1:W09IVJc94icq4NjY3clb7Lk8O1qJ8BdBEF8z0ibU0rE=
github.com/remyoudompheng/bigfft v0.0.0-20230129092748-24d4a6f8daec/go.mod h1:qqbHyh8v60DhA7CoWK5oRCqLrMHRGoxYCSS9EjAz6Eo=
github.com/rogpeppe/go-internal v1.16.0 h1:O9DK+vNMDVGLr2BeZqmpLeMjiMNkuXfcqntWbZV6S5g=
github.com/rogpeppe/go-internal v1.16.0/go.mod h1:DrUVZyrJU+txYW5/1kwtXQSMFio52ZOxX7yM1VHvnxs=
github.com/samber/do/v2 v2.1.0 h1:lqCHn05XvY3VqwxvZDQPSkH+jIGWSVHUrSVLEbPOopo=
github.com/samber/do/v2 v2.1.0/go.mod h1:wJBoiaZcUZyGuraOhfz15b517ZMogGs+U03DvnqvT6Q=
github.com/samber/go-type-to-string v1.8.0 h1:5z6tDTjtXxkIAoAuHAZYMYR8mkBZjVgeSH7jcSLqc8w=
github.com/samber/go-type-to-string v1.8.0/go.mod h1:jpU77vIDoIxkahknKDoEx9C8bQ1ADnh2sotZ8I4QqBU=
github.com/sergi/go-diff v1.4.0 h1:n/SP9D5ad1fORl+llWyN+D6qoUETXNZARKjyY2/KVCw=
github.com/sergi/go-diff v1.4.0/go.mod h1:A0bzQcvG0E7Rwjx0REVgAGH58e96+X0MeOfepqsbeW4=
github.com/sixafter/aes-ctr-drbg v1.20.0 h1:O3VbI8XFoQOqsvSfo+KYTnDz1A7cAzcHaAg0lDnXvng=
github.com/sixafter/aes-ctr-drbg v1.20.0/go.mod h1:cM+89w3S8+AfWLVX+Pv0mffPmi2lkRVLIWIfTmxT4x8=
github.com/sixafter/nanoid v1.65.1 h1:ELKsZi7pQCGvTePYnqsxm6b9uqq9TDM6RzoNewq+TVc=
github.com/sixafter/nanoid v1.65.1/go.mod h1:vljh17w8xQUthl3wf5aa1tTHR/gRjARG3fCH7nIt73I=
github.com/sixafter/prng-chacha v1.17.1 h1:2bvVaQ/DlZiQvwlElvSrgPVBd41Dk9DRhw+95hb9h5U=
github.com/sixafter/prng-chacha v1.17.1/go.mod h1:UseR10HecjoSEcEh2T53R/NcUCbqrOzfIFgfziB9hp0=
github.com/stretchr/testify v1.12.1 h1:EuwCh5fleGS7H32xRwO3wRGT7DxrDhLAT6FF8MpWDWE=
github.com/stretchr/testify v1.12.1/go.mod h1:MDEgiDPPsNp5cuIrHPPCyornHKgEVbtFUmoNlxoYthg=
github.com/tidwall/gjson v1.19.0 h1:xwxm7n691Uf3u5OFjzngavjGTh55KX5q/9w9xHW88JU=
github.com/tidwall/gjson v1.19.0/go.mod h1:V37/opeE/JbLUOfH0QTXiNez2l0RUjYUhpT4szFQAfc=
github.com/tidwall/match v1.2.0 h1:0pt8FlkOwjN2fPt4bIl4BoNxb98gGHN2ObFEDkrfZnM=
github.com/tidwall/match v1.2.0/go.mod h1:eRSPERbgtNPcGhD8UCthc6PmLEQXEWd3PRB5JTxsfmM=
github.com/tidwall/pretty v1.2.1 h1:qjsOFOWWQl+N3RsoF5/ssm1pHmJJwhjlSbZ51I6wMl4=
github.com/tidwall/pretty v1.2.1/go.mod h1:ITEVvHYasfjBbM0u2Pg8T2nJnzm8xPwvNhhsoaGGjNU=
github.com/tidwall/sjson v1.2.5 h1:kLy8mja+1c9jlljvWTlSazM7cKDRfJuR/bOJhcY5NcY=
github.com/tidwall/sjson v1.2.5/go.mod h1:Fvgq9kS/6ociJEDnK0Fk1cpYF4FIW6ZF7LAe+6jwd28=
github.com/x448/float16 v0.8.4 h1:qLwI1I70+NjRFUR3zs1JPUCgaCXSh3SW62uAKT1mSBM=
github.com/x448/float16 v0.8.4/go.mod h1:14CWIYCyZA/cWjXOioeEpHeN/83MdbZDRQHoFcYsOfg=
go.yaml.in/yaml/v3 v3.0.5 h1:N6y/pJk8buWs9NY5ERU2HSMfm+IuD/OtfdAnq6kESPw=
go.yaml.in/yaml/v3 v3.0.5/go.mod h1:HVTZu1O7/Vkt2N+BFy8Zza+lnLsABggaTM2ZpNIGuKg=
golang.org/x/crypto v0.57.0 h1:3ZVCjf8Ggz7zneR/EHRVx68Ctf+2pmIMP2UFhh9cC6M=
golang.org/x/crypto v0.57.0/go.mod h1:Fdz0i5U6CoizGwLda9DttjSk6qlZo25zYNtR+ycvuZA=
golang.org/x/exp v0.0.0-20260112195511-716be5621a96 h1:Z/6YuSHTLOHfNFdb8zVZomZr7cqNgTJvA8+Qz75D8gU=
golang.org/x/exp v0.0.0-20260112195511-716be5621a96/go.mod h1:nzimsREAkjBCIEFtHiYkrJyT+2uy9YZJB7H1k68CXZU=
golang.org/x/mod v0.41.0 h1:qJmnOUb4YB+FsEuM3HcWucdZASCPGhsX6uljO6pog0c=
golang.org/x/mod v0.41.0/go.mod h1:Ek9pY8RKWXwsWvd3rQiHYtMqkjSUV+s1Rj7j4H5Ur6o=
golang.org/x/net v0.59.0 h1:5zfYln+w5XCxwrnMMJPufRgNoXEaGxl0wo5GqPXyues=
golang.org/x/net v0.59.0/go.mod h1:2DA/G1UfVbCpQPeWTmMPGY7Cs2PkBkwu743bVX5PIVg=
golang.org/x/sync v0.23.0 h1:KameEIfc1IkluZyXWLn39Wd4tURc6GbCiISGiZm2bQk=
golang.org/x/sync v0.23.0/go.mod h1:sUUOizhqBxiL6pEWpqNLUiaJn1ShEbZ6BBqskPbjZm0=
golang.org/x/sys v0.48.0 h1:bbX/i/6MgT9BVLM9RT1thmxL04yeTAhbEz4SyadbXoo=
golang.org/x/sys v0.48.0/go.mod h1:hNLxWAXmnKAxqDtdwIYC4bM9oQPEecfsnNMuSxOs3og=
golang.org/x/text v0.42.0 h1:JbOZXgfeCPU9gacVtYliJqOhD+zhrEqK4LfdpmlUZqI=
golang.org/x/text v0.42.0/go.mod h1:ojzP1Z+2QtioaF8DTtO8K5q7JWVVYwZKenzujK0Zd0E=
golang.org/x/time v0.16.0 h1:vMb6ptszcQMkcwiRTAuNNU50gom6++Q/6gY2hDM6VDE=
golang.org/x/time v0.16.0/go.mod h1:rVKOqvZeKvrDKTQiAHJ7wmwP0RzleSphoEA9RcdLA0s=
golang.org/x/tools v0.50.0 h1:c2ifzfcuY7L90lZ2aKd8S4K2NpASF08SZx9ZuJkHmSU=
golang.org/x/tools v0.50.0/go.mod h1:7ulVMw3831Mwi5EZD6RomGyffr4VFjuNYXf2BbCEAV0=
google.golang.org/protobuf v1.36.12 h1:pJOKDDOyeXErUroCihFAd5LQuwXBSpVnKGrj5o/fwxc=
google.golang.org/protobuf v1.36.12/go.mod h1:HTf+CrKn2C3g5S8VImy6tdcUvCska2kB7j23XfzDpco=
modernc.org/cc/v4 v4.29.2 h1:h6+9ciCnPKutf4I03CvheAvDLX7+IHlqR6Iy6J+cgd8=
modernc.org/cc/v4 v4.29.2/go.mod h1:OnovgIhbbMXMu1aISnJ0wvVD1KnW+cAUJkIrAWh+kVI=
modernc.org/ccgo/v4 v4.35.0 h1:F+TUsmw09QxLzmi3aeYYGxjAXarmZaKgj3mKQHNaA8w=
modernc.org/ccgo/v4 v4.35.0/go.mod h1:qrVGs9S3Sr2Ztcg9ve+kTAYMp5a3YvWjo+SoN06kJ5I=
modernc.org/fileutil v1.4.0 h1:j6ZzNTftVS054gi281TyLjHPp6CPHr2KCxEXjEbD6SM=
modernc.org/fileutil v1.4.0/go.mod h1:EqdKFDxiByqxLk8ozOxObDSfcVOv/54xDs/DUHdvCUU=
modernc.org/gc/v2 v2.6.5 h1:nyqdV8q46KvTpZlsw66kWqwXRHdjIlJOhG6kxiV/9xI=
modernc.org/gc/v2 v2.6.5/go.mod h1:YgIahr1ypgfe7chRuJi2gD7DBQiKSLMPgBQe9oIiito=
modernc.org/gc/v3 v3.1.5 h1:21ldfPfRYE31Tb7B3mwAK8gy1AxP4+dKjrOQPfqakoc=
modernc.org/gc/v3 v3.1.5/go.mod h1:HFK/6AGESC7Ex+EZJhJ2Gni6cTaYpSMmU/cT9RmlfYY=
modernc.org/goabi0 v0.2.0 h1:HvEowk7LxcPd0eq6mVOAEMai46V+i7Jrj13t4AzuNks=
modernc.org/goabi0 v0.2.0/go.mod h1:CEFRnnJhKvWT1c1JTI3Avm+tgOWbkOu5oPA8eH8LnMI=
modernc.org/libc v1.75.7 h1:o3DTP9/0p9pKmY2WCKQaySW6wIiZhNM7wc2lUoyhfew=
modernc.org/libc v1.75.7/go.mod h1:bO5o2ztHxBb2rjz0PgdHN0sSMw57CgxGFLZ3Qd/QpVQ=
modernc.org/mathutil v1.7.1 h1:GCZVGXdaN8gTqB1Mf/usp1Y/hSqgI2vAGGP4jZMCxOU=
modernc.org/mathutil v1.7.1/go.mod h1:4p5IwJITfppl0G4sUEDtCr4DthTaT47/N3aT6MhfgJg=
modernc.org/memory v1.12.1 h1:nFMiWrpStgZczNl6XI9GnIk/rWhYIyHGUaR04pGbp9g=
modernc.org/memory v1.12.1/go.mod h1:/JP4VbVC+K5sU2wZi9bHoq2MAkCnrt2r98UGeSK7Mjw=
modernc.org/opt v0.2.0 h1:tGyef5ApycA7FSEOMraay9SaTk5zmbx7Tu+cJs4QKZg=
modernc.org/opt v0.2.0/go.mod h1:03fq9lsNfvkYSfxrfUhZCWPk1lm4cq4N+Bh//bEtgns=
modernc.org/sortutil v1.2.1 h1:+xyoGf15mM3NMlPDnFqrteY07klSFxLElE2PVuWIJ7w=
modernc.org/sortutil v1.2.1/go.mod h1:7ZI3a3REbai7gzCLcotuw9AC4VZVpYMjDzETGsSMqJE=
modernc.org/sqlite v1.59.0 h1:X1es1GpqBlS/5T+vbM4HLUdaa8OtQx468DF2vrx+38A=
modernc.org/sqlite v1.59.0/go.mod h1:+paeT2A3iPRHkQDwG7oA6Tk0zQd5woMEI8q7orfry8k=
modernc.org/strutil v1.2.1 h1:UneZBkQA+DX2Rp35KcM69cSsNES9ly8mQWD71HKlOA0=
modernc.org/strutil v1.2.1/go.mod h1:EHkiggD70koQxjVdSBM3JKM7k6L0FbGE5eymy9i3B9A=
modernc.org/token v1.1.0 h1:Xl7Ap9dKaEs5kLoOQeQmPWevfnk/DM5qcLcYlA8ys6Y=
modernc.org/token v1.1.0/go.mod h1:UGzOrNV1mAFSEB63lOFHIpNRUVMvYTc6yu1SMY/XTDM=
pgregory.net/rapid v1.3.0 h1:vBvO0VSqti75J1jjYqpgPNBLKMd1+gxa9fYo7vk/Exc=
pgregory.net/rapid v1.3.0/go.mod h1:dPlE4OBBxgXPqkP79flB6sJL1dx5azpI7HQ9MY9Z7uk=
